PODS:
  - mParticle-Apple-Media-SDK (1.3.7):
    - mParticle-Apple-SDK (~> 8.0)
  - mParticle-Apple-SDK (8.1.1):
    - mParticle-Apple-SDK/mParticle (= 8.1.1)
  - mParticle-Apple-SDK/mParticle (8.1.1)
  - Tests (1.0):
    - mParticle-Apple-Media-SDK
    - mParticle-Apple-SDK

DEPENDENCIES:
  - mParticle-Apple-Media-SDK (from `../../../.sdks/apple-media`)
  - mParticle-Apple-SDK (from `../../../.sdks/apple`)
  - Tests (from `../../../Tests`)

EXTERNAL SOURCES:
  mParticle-Apple-Media-SDK:
    :path: "../../../.sdks/apple-media"
  mParticle-Apple-SDK:
    :path: "../../../.sdks/apple"
  Tests:
    :path: "../../../Tests"

SPEC CHECKSUMS:
  mParticle-Apple-Media-SDK: e8ad2dbb16c51dbce7767fe0ebbeb6482cbc0020
  mParticle-Apple-SDK: 346553db57b19c51c03440b5025746f143c1494b
  Tests: dc207158da7ff4c9453eeccb0df95de693b53695

PODFILE CHECKSUM: 5333db9fe50d6350f54e883d474c3b3a4eff16de

COCOAPODS: 1.10.1
